<?xml version="1.0" encoding="utf-8"?>
<Project ToolsVersion="4.0" xmlns="http://schemas.microsoft.com/developer/msbuild/2003">
  <ItemGroup>
    <Filter Include="源文件">
      <UniqueIdentifier>{4FC737F1-C7A5-4376-A066-2A32D752A2FF}</UniqueIdentifier>
      <Extensions>cpp;c;cc;cxx;c++;cppm;ixx;def;odl;idl;hpj;bat;asm;asmx</Extensions>
    </Filter>
    <Filter Include="头文件">
      <UniqueIdentifier>{93995380-89BD-4b04-88EB-625FBE52EBFB}</UniqueIdentifier>
      <Extensions>h;hh;hpp;hxx;h++;hm;inl;inc;ipp;xsd</Extensions>
    </Filter>
    <Filter Include="资源文件">
      <UniqueIdentifier>{67DA6AB6-F800-4c08-8B7A-83BB121AAD01}</UniqueIdentifier>
      <Extensions>rc;ico;cur;bmp;dlg;rc2;rct;bin;rgs;gif;jpg;jpeg;jpe;resx;tiff;tif;png;wav;mfcribbon-ms</Extensions>
    </Filter>
    <Filter Include="头文件\libmodbus">
      <UniqueIdentifier>{883cb611-ff98-46b9-9565-aaae5144cff7}</UniqueIdentifier>
    </Filter>
    <Filter Include="源文件\libmodbus">
      <UniqueIdentifier>{146cc689-c6c3-437a-b69b-b6c316deff39}</UniqueIdentifier>
    </Filter>
  </ItemGroup>
  <ItemGroup>
    <ClInclude Include="Dependency\libmodbus-3.1.11\modbus.h">
      <Filter>头文件\libmodbus</Filter>
    </ClInclude>
    <ClInclude Include="Dependency\libmodbus-3.1.11\modbus-private.h">
      <Filter>头文件\libmodbus</Filter>
    </ClInclude>
    <ClInclude Include="Dependency\libmodbus-3.1.11\modbus-rtu.h">
      <Filter>头文件\libmodbus</Filter>
    </ClInclude>
    <ClInclude Include="Dependency\libmodbus-3.1.11\modbus-rtu-private.h">
      <Filter>头文件\libmodbus</Filter>
    </ClInclude>
    <ClInclude Include="Dependency\libmodbus-3.1.11\modbus-tcp.h">
      <Filter>头文件\libmodbus</Filter>
    </ClInclude>
    <ClInclude Include="Dependency\libmodbus-3.1.11\modbus-tcp-private.h">
      <Filter>头文件\libmodbus</Filter>
    </ClInclude>
    <ClInclude Include="Include\ModbusCppTcpClient.h">
      <Filter>头文件</Filter>
    </ClInclude>
  </ItemGroup>
  <ItemGroup>
    <ClCompile Include="Dependency\libmodbus-3.1.11\modbus.c">
      <Filter>源文件\libmodbus</Filter>
    </ClCompile>
    <ClCompile Include="Dependency\libmodbus-3.1.11\modbus-data.c">
      <Filter>源文件\libmodbus</Filter>
    </ClCompile>
    <ClCompile Include="Dependency\libmodbus-3.1.11\modbus-rtu.c">
      <Filter>源文件\libmodbus</Filter>
    </ClCompile>
    <ClCompile Include="Dependency\libmodbus-3.1.11\modbus-tcp.c">
      <Filter>源文件\libmodbus</Filter>
    </ClCompile>
    <ClCompile Include="Src\ModbusCppTcpClient.cpp">
      <Filter>源文件</Filter>
    </ClCompile>
  </ItemGroup>
</Project>